
Microsoft Visual Studio Solution File, Format Version 12.00
# Visual Studio 15
VisualStudioVersion = 15.0.27130.2036
MinimumVisualStudioVersion = 10.0.40219.1
Project("{FAE04EC0-301F-11D3-BF4B-00C04F79EFBC}") = "StockInsight", "StockInsight\StockInsight.csproj", "{855E8C05-2F74-4D2D-9B54-A084EA7259D0}"
EndProject
Global
	GlobalSection(SolutionConfigurationPlatforms) = preSolution
		Debug|Any CPU = Debug|Any CPU
		Release|Any CPU = Release|Any CPU
	EndGlobalSection
	GlobalSection(ProjectConfigurationPlatforms) = postSolution
		{855E8C05-2F74-4D2D-9B54-A084EA7259D0}.Debug|Any CPU.ActiveCfg = Debug|Any CPU
		{855E8C05-2F74-4D2D-9B54-A084EA7259D0}.Debug|Any CPU.Build.0 = Debug|Any CPU
		{855E8C05-2F74-4D2D-9B54-A084EA7259D0}.Release|Any CPU.ActiveCfg = Release|Any CPU
		{855E8C05-2F74-4D2D-9B54-A084EA7259D0}.Release|Any CPU.Build.0 = Release|Any CPU
	EndGlobalSection
	GlobalSection(SolutionProperties) = preSolution
		HideSolutionNode = FALSE
	EndGlobalSection
	GlobalSection(ExtensibilityGlobals) = postSolution
		SolutionGuid = {0EC72CB7-F0AF-4C2D-8E58-1686A1C8A166}
	EndGlobalSection
EndGlobal
